
Microsoft Visual Studio Solution File, Format Version 12.00
# Visual Studio Version 17
VisualStudioVersion = 17.5.33516.290
MinimumVisualStudioVersion = 10.0.40219.1
Project("{FAE04EC0-301F-11D3-BF4B-00C04F79EFBC}") = "revision1App1", "revision1App1\revision1App1.csproj", "{A070FDAB-A446-4143-A45F-D3832B58907B}"
EndProject
Global
	GlobalSection(SolutionConfigurationPlatforms) = preSolution
		Debug|Any CPU = Debug|Any CPU
		Release|Any CPU = Release|Any CPU
	EndGlobalSection
	GlobalSection(ProjectConfigurationPlatforms) = postSolution
		{A070FDAB-A446-4143-A45F-D3832B58907B}.Debug|Any CPU.ActiveCfg = Debug|Any CPU
		{A070FDAB-A446-4143-A45F-D3832B58907B}.Debug|Any CPU.Build.0 = Debug|Any CPU
		{A070FDAB-A446-4143-A45F-D3832B58907B}.Release|Any CPU.ActiveCfg = Release|Any CPU
		{A070FDAB-A446-4143-A45F-D3832B58907B}.Release|Any CPU.Build.0 = Release|Any CPU
	EndGlobalSection
	GlobalSection(SolutionProperties) = preSolution
		HideSolutionNode = FALSE
	EndGlobalSection
	GlobalSection(ExtensibilityGlobals) = postSolution
		SolutionGuid = {4735C71F-636B-49B8-8F22-93DED0FDD065}
	EndGlobalSection
EndGlobal
